
Microsoft Visual Studio Solution File, Format Version 12.00
# Visual Studio Version 16
VisualStudioVersion = 16.0.31729.503
MinimumVisualStudioVersion = 10.0.40219.1
Project("{9A19103F-16F7-4668-BE54-9A1E7A4F7556}") = "LoginScreen", "LoginScreen\LoginScreen.csproj", "{33E41562-70E4-4658-BE87-945646BF74BF}"
EndProject
Project("{9A19103F-16F7-4668-BE54-9A1E7A4F7556}") = "InventoryScreen", "InventoryScreen\InventoryScreen.csproj", "{18C7CD29-FCFF-455F-8E24-F130E546ABAB}"
EndProject
Project("{9A19103F-16F7-4668-BE54-9A1E7A4F7556}") = "MainMenuScreen", "MainMenuScreen\MainMenuScreen.csproj", "{2EF42F58-3E36-4D3A-883C-C65330F5E3BB}"
EndProject
Project("{9A19103F-16F7-4668-BE54-9A1E7A4F7556}") = "LeasedTicketScreen", "LeasedTicketScreen\LeasedTicketScreen.csproj", "{2B076935-9F78-4743-8C67-7B6C716BB697}"
EndProject
Project("{9A19103F-16F7-4668-BE54-9A1E7A4F7556}") = "LeasedTicketSearchScreen", "LeasedTicketSearchScreen\LeasedTicketSearchScreen.csproj", "{BAD6F7CF-60F7-4955-AFBA-F9D320D7AED3}"
EndProject
Project("{FAE04EC0-301F-11D3-BF4B-00C04F79EFBC}") = "MaintenanceTicketScreen", "MaintenanceTicketScreen\MaintenanceTicketScreen.csproj", "{FE790F90-1D62-40A3-AAD4-B66F6FF1FE60}"
EndProject
Global
	GlobalSection(SolutionConfigurationPlatforms) = preSolution
		Debug|Any CPU = Debug|Any CPU
		Release|Any CPU = Release|Any CPU
	EndGlobalSection
	GlobalSection(ProjectConfigurationPlatforms) = postSolution
		{33E41562-70E4-4658-BE87-945646BF74BF}.Debug|Any CPU.ActiveCfg = Debug|Any CPU
		{33E41562-70E4-4658-BE87-945646BF74BF}.Debug|Any CPU.Build.0 = Debug|Any CPU
		{33E41562-70E4-4658-BE87-945646BF74BF}.Release|Any CPU.ActiveCfg = Release|Any CPU
		{33E41562-70E4-4658-BE87-945646BF74BF}.Release|Any CPU.Build.0 = Release|Any CPU
		{18C7CD29-FCFF-455F-8E24-F130E546ABAB}.Debug|Any CPU.ActiveCfg = Debug|Any CPU
		{18C7CD29-FCFF-455F-8E24-F130E546ABAB}.Debug|Any CPU.Build.0 = Debug|Any CPU
		{18C7CD29-FCFF-455F-8E24-F130E546ABAB}.Release|Any CPU.ActiveCfg = Release|Any CPU
		{18C7CD29-FCFF-455F-8E24-F130E546ABAB}.Release|Any CPU.Build.0 = Release|Any CPU
		{2EF42F58-3E36-4D3A-883C-C65330F5E3BB}.Debug|Any CPU.ActiveCfg = Debug|Any CPU
		{2EF42F58-3E36-4D3A-883C-C65330F5E3BB}.Debug|Any CPU.Build.0 = Debug|Any CPU
		{2EF42F58-3E36-4D3A-883C-C65330F5E3BB}.Release|Any CPU.ActiveCfg = Release|Any CPU
		{2EF42F58-3E36-4D3A-883C-C65330F5E3BB}.Release|Any CPU.Build.0 = Release|Any CPU
		{2B076935-9F78-4743-8C67-7B6C716BB697}.Debug|Any CPU.ActiveCfg = Debug|Any CPU
		{2B076935-9F78-4743-8C67-7B6C716BB697}.Debug|Any CPU.Build.0 = Debug|Any CPU
		{2B076935-9F78-4743-8C67-7B6C716BB697}.Release|Any CPU.ActiveCfg = Release|Any CPU
		{2B076935-9F78-4743-8C67-7B6C716BB697}.Release|Any CPU.Build.0 = Release|Any CPU
		{BAD6F7CF-60F7-4955-AFBA-F9D320D7AED3}.Debug|Any CPU.ActiveCfg = Debug|Any CPU
		{BAD6F7CF-60F7-4955-AFBA-F9D320D7AED3}.Debug|Any CPU.Build.0 = Debug|Any CPU
		{BAD6F7CF-60F7-4955-AFBA-F9D320D7AED3}.Release|Any CPU.ActiveCfg = Release|Any CPU
		{BAD6F7CF-60F7-4955-AFBA-F9D320D7AED3}.Release|Any CPU.Build.0 = Release|Any CPU
		{FE790F90-1D62-40A3-AAD4-B66F6FF1FE60}.Debug|Any CPU.ActiveCfg = Debug|Any CPU
		{FE790F90-1D62-40A3-AAD4-B66F6FF1FE60}.Debug|Any CPU.Build.0 = Debug|Any CPU
		{FE790F90-1D62-40A3-AAD4-B66F6FF1FE60}.Release|Any CPU.ActiveCfg = Release|Any CPU
		{FE790F90-1D62-40A3-AAD4-B66F6FF1FE60}.Release|Any CPU.Build.0 = Release|Any CPU
	EndGlobalSection
	GlobalSection(SolutionProperties) = preSolution
		HideSolutionNode = FALSE
	EndGlobalSection
	GlobalSection(ExtensibilityGlobals) = postSolution
		SolutionGuid = {5BC101CF-28B3-473D-9D5A-85832FDE0CC2}
	EndGlobalSection
EndGlobal
